
Microsoft Visual Studio Solution File, Format Version 12.00
# Visual Studio Version 17
VisualStudioVersion = 17.11.35222.181
MinimumVisualStudioVersion = 10.0.40219.1
Project("{FAE04EC0-301F-11D3-BF4B-00C04F79EFBC}") = "valgusfloor", "valgusfloor\valgusfloor.csproj", "{38E11BBD-B7A8-42EC-950A-B95EFF803758}"
EndProject
Global
	GlobalSection(SolutionConfigurationPlatforms) = preSolution
		Debug|Any CPU = Debug|Any CPU
		Release|Any CPU = Release|Any CPU
	EndGlobalSection
	GlobalSection(ProjectConfigurationPlatforms) = postSolution
		{38E11BBD-B7A8-42EC-950A-B95EFF803758}.Debug|Any CPU.ActiveCfg = Debug|Any CPU
		{38E11BBD-B7A8-42EC-950A-B95EFF803758}.Debug|Any CPU.Build.0 = Debug|Any CPU
		{38E11BBD-B7A8-42EC-950A-B95EFF803758}.Debug|Any CPU.Deploy.0 = Debug|Any CPU
		{38E11BBD-B7A8-42EC-950A-B95EFF803758}.Release|Any CPU.ActiveCfg = Release|Any CPU
		{38E11BBD-B7A8-42EC-950A-B95EFF803758}.Release|Any CPU.Build.0 = Release|Any CPU
		{38E11BBD-B7A8-42EC-950A-B95EFF803758}.Release|Any CPU.Deploy.0 = Release|Any CPU
	EndGlobalSection
	GlobalSection(SolutionProperties) = preSolution
		HideSolutionNode = FALSE
	EndGlobalSection
	GlobalSection(ExtensibilityGlobals) = postSolution
		SolutionGuid = {F06E6BD0-E1F2-487F-9643-B88F5E9AEEE7}
	EndGlobalSection
EndGlobal
